
Microsoft Visual Studio Solution File, Format Version 12.00
# Visual Studio Version 17
VisualStudioVersion = 17.14.36811.4 d17.14
MinimumVisualStudioVersion = 10.0.40219.1
Project("{FAE04EC0-301F-11D3-BF4B-00C04F79EFBC}") = "Toy1", "Toy1\Toy1.csproj", "{FB64CFF5-C745-41C0-A044-4523FE15F0A3}"
EndProject
Global
	GlobalSection(SolutionConfigurationPlatforms) = preSolution
		Debug|Any CPU = Debug|Any CPU
		Release|Any CPU = Release|Any CPU
	EndGlobalSection
	GlobalSection(ProjectConfigurationPlatforms) = postSolution
		{FB64CFF5-C745-41C0-A044-4523FE15F0A3}.Debug|Any CPU.ActiveCfg = Debug|Any CPU
		{FB64CFF5-C745-41C0-A044-4523FE15F0A3}.Debug|Any CPU.Build.0 = Debug|Any CPU
		{FB64CFF5-C745-41C0-A044-4523FE15F0A3}.Release|Any CPU.ActiveCfg = Release|Any CPU
		{FB64CFF5-C745-41C0-A044-4523FE15F0A3}.Release|Any CPU.Build.0 = Release|Any CPU
	EndGlobalSection
	GlobalSection(SolutionProperties) = preSolution
		HideSolutionNode = FALSE
	EndGlobalSection
	GlobalSection(ExtensibilityGlobals) = postSolution
		SolutionGuid = {625A8CC9-2436-4DC3-9F10-A9023D1F085F}
	EndGlobalSection
EndGlobal
